// !$*UTF8*$!
{
	archiveVersion = 1;
	classes = {
	};
	objectVersion = 46;
	objects = {

/* Begin PBXBuildFile section */
		822928B81EC90EF1006279E2 /* main.c in Sources */ = {isa = PBXBuildFile; fileRef = 822928B71EC90EF1006279E2 /* main.c */; };
		822928C01EC91908006279E2 /* Node.c in Sources */ = {isa = PBXBuildFile; fileRef = 822928BE1EC91908006279E2 /* Node.c */; };
		82AD95A01ECB6470009653CE /* factorial.c in Sources */ = {isa = PBXBuildFile; fileRef = 82AD959E1ECB6470009653CE /* factorial.c */; };
/* End PBXBuildFile section */

/* Begin PBXCopyFilesBuildPhase section */
		822928B21EC90EF1006279E2 /* CopyFiles */ = {
			isa = PBXCopyFilesBuildPhase;
			buildActionMask = 2147483647;
			dstPath = /usr/share/man/man1/;
			dstSubfolderSpec = 0;
			files = (
			);
			runOnlyForDeploymentPostprocessing = 1;
		};
/* End PBXCopyFilesBuildPhase section */

/* Begin PBXFileReference section */
		822928B41EC90EF1006279E2 /* lab9_Factorial */ = {isa = PBXFileReference; explicitFileType = "compiled.mach-o.executable"; includeInIndex = 0; path = lab9_Factorial; sourceTree = BUILT_PRODUCTS_DIR; };
		822928B71EC90EF1006279E2 /* main.c */ = {isa = PBXFileReference; lastKnownFileType = sourcecode.c.c; path = main.c; sourceTree = "<group>"; };
		822928BE1EC91908006279E2 /* Node.c */ = {isa = PBXFileReference; fileEncoding = 4; lastKnownFileType = sourcecode.c.c; path = Node.c; sourceTree = "<group>"; };
		822928BF1EC91908006279E2 /* Node.h */ = {isa = PBXFileReference; fileEncoding = 4; lastKnownFileType = sourcecode.c.h; path = Node.h; sourceTree = "<group>"; };
		82AD959E1ECB6470009653CE /* factorial.c */ = {isa = PBXFileReference; fileEncoding = 4; lastKnownFileType = sourcecode.c.c; path = factorial.c; sourceTree = "<group>"; };
		82AD959F1ECB6470009653CE /* factorial.h */ = {isa = PBXFileReference; fileEncoding = 4; lastKnownFileType = sourcecode.c.h; path = factorial.h; sourceTree = "<group>"; };
/* End PBXFileReference section */

/* Begin PBXFrameworksBuildPhase section */
		822928B11EC90EF1006279E2 /* Frameworks */ = {
			isa = PBXFrameworksBuildPhase;
			buildActionMask = 2147483647;
			files = (
			);
			runOnlyForDeploymentPostprocessing = 0;
		};
/* End PBXFrameworksBuildPhase section */

/* Begin PBXGroup section */
		822928AB1EC90EF1006279E2 = {
			isa = PBXGroup;
			children = (
				822928B61EC90EF1006279E2 /* lab9_Factorial */,
				822928B51EC90EF1006279E2 /* Products */,
			);
			sourceTree = "<group>";
		};
		822928B51EC90EF1006279E2 /* Products */ = {
			isa = PBXGroup;
			children = (
				822928B41EC90EF1006279E2 /* lab9_Factorial */,
			);
			name = Products;
			sourceTree = "<group>";
		};
		822928B61EC90EF1006279E2 /* lab9_Factorial */ = {
			isa = PBXGroup;
			children = (
				822928B71EC90EF1006279E2 /* main.c */,
				82AD959E1ECB6470009653CE /* factorial.c */,
				82AD959F1ECB6470009653CE /* factorial.h */,
				822928BE1EC91908006279E2 /* Node.c */,
				822928BF1EC91908006279E2 /* Node.h */,
			);
			path = lab9_Factorial;
			sourceTree = "<group>";
		};
/* End PBXGroup section */

/* Begin PBXNativeTarget section */
		822928B31EC90EF1006279E2 /* lab9_Factorial */ = {
			isa = PBXNativeTarget;
			buildConfigurationList = 822928BB1EC90EF1006279E2 /* Build configuration list for PBXNativeTarget "lab9_Factorial" */;
			buildPhases = (
				822928B01EC90EF1006279E2 /* Sources */,
				822928B11EC90EF1006279E2 /* Frameworks */,
				822928B21EC90EF1006279E2 /* CopyFiles */,
			);
			buildRules = (
			);
			dependencies = (
			);
			name = lab9_Factorial;
			productName = lab9_Factorial;
			productReference = 822928B41EC90EF1006279E2 /* lab9_Factorial */;
			productType = "com.apple.product-type.tool";
		};
/* End PBXNativeTarget section */

/* Begin PBXProject section */
		822928AC1EC90EF1006279E2 /* Project object */ = {
			isa = PBXProject;
			attributes = {
				LastUpgradeCheck = 0830;
				ORGANIZATIONNAME = CodySchrank;
				TargetAttributes = {
					822928B31EC90EF1006279E2 = {
						CreatedOnToolsVersion = 8.3.2;
						DevelopmentTeam = Z26D67C784;
						ProvisioningStyle = Automatic;
					};
				};
			};
			buildConfigurationList = 822928AF1EC90EF1006279E2 /* Build configuration list for PBXProject "lab9_Factorial" */;
			compatibilityVersion = "Xcode 3.2";
			developmentRegion = English;
			hasScannedForEncodings = 0;
			knownRegions = (
				en,
			);
			mainGroup = 822928AB1EC90EF1006279E2;
			productRefGroup = 822928B51EC90EF1006279E2 /* Products */;
			projectDirPath = "";
			projectRoot = "";
			targets = (
				822928B31EC90EF1006279E2 /* lab9_Factorial */,
			);
		};
/* End PBXProject section */

/* Begin PBXSourcesBuildPhase section */
		822928B01EC90EF1006279E2 /* Sources */ = {
			isa = PBXSourcesBuildPhase;
			buildActionMask = 2147483647;
			files = (
				822928B81EC90EF1006279E2 /* main.c in Sources */,
				82AD95A01ECB6470009653CE /* factorial.c in Sources */,
				822928C01EC91908006279E2 /* Node.c in Sources */,
			);
			runOnlyForDeploymentPostprocessing = 0;
		};
/* End PBXSourcesBuildPhase section */

/* Begin XCBuildConfiguration section */
		822928B91EC90EF1006279E2 /* Debug */ = {
			isa = XCBuildConfiguration;
			buildSettings = {
				ALWAYS_SEARCH_USER_PATHS = NO;
				CLANG_ANALYZER_NONNULL = YES;
				CLANG_ANALYZER_NUMBER_OBJECT_CONVERSION = YES_AGGRESSIVE;
				CLANG_CXX_LANGUAGE_STANDARD = "gnu++0x";
				CLANG_CXX_LIBRARY = "libc++";
				CLANG_ENABLE_MODULES = YES;
				CLANG_ENABLE_OBJC_ARC = YES;
				CLANG_WARN_BOOL_CONVERSION = YES;
				CLANG_WARN_CONSTANT_CONVERSION = YES;
				CLANG_WARN_DIRECT_OBJC_ISA_USAGE = YES_ERROR;
				CLANG_WARN_DOCUMENTATION_COMMENTS = YES;
				CLANG_WARN_EMPTY_BODY = YES;
				CLANG_WARN_ENUM_CONVERSION = YES;
				CLANG_WARN_INFINITE_RECURSION = YES;
				CLANG_WARN_INT_CONVERSION = YES;
				CLANG_WARN_OBJC_ROOT_CLASS = YES_ERROR;
				CLANG_WARN_SUSPICIOUS_MOVE = YES;
				CLANG_WARN_UNREACHABLE_CODE = YES;
				CLANG_WARN__DUPLICATE_METHOD_MATCH = YES;
				CODE_SIGN_IDENTITY = "-";
				COPY_PHASE_STRIP = NO;
				DEBUG_INFORMATION_FORMAT = dwarf;
				ENABLE_STRICT_OBJC_MSGSEND = YES;
				ENABLE_TESTABILITY = YES;
				GCC_C_LANGUAGE_STANDARD = gnu99;
				GCC_DYNAMIC_NO_PIC = NO;
				GCC_NO_COMMON_BLOCKS = YES;
				GCC_OPTIMIZATION_LEVEL = 0;
				GCC_PREPROCESSOR_DEFINITIONS = (
					"DEBUG=1",
					"$(inherited)",
				);
				GCC_WARN_64_TO_32_BIT_CONVERSION = YES;
				GCC_WARN_ABOUT_RETURN_TYPE = YES_ERROR;
				GCC_WARN_UNDECLARED_SELECTOR = YES;
				GCC_WARN_UNINITIALIZED_AUTOS = YES_AGGRESSIVE;
				GCC_WARN_UNUSED_FUNCTION = YES;
				GCC_WARN_UNUSED_VARIABLE = YES;
				MACOSX_DEPLOYMENT_TARGET = 10.12;
				MTL_ENABLE_DEBUG_INFO = YES;
				ONLY_ACTIVE_ARCH = YES;
				SDKROOT = macosx;
			};
			name = Debug;
		};
		822928BA1EC90EF1006279E2 /* Release */ = {
			isa = XCBuildConfiguration;
			buildSettings = {
				ALWAYS_SEARCH_USER_PATHS = NO;
				CLANG_ANALYZER_NONNULL = YES;
				CLANG_ANALYZER_NUMBER_OBJECT_CONVERSION = YES_AGGRESSIVE;
				CLANG_CXX_LANGUAGE_STANDARD = "gnu++0x";
				CLANG_CXX_LIBRARY = "libc++";
				CLANG_ENABLE_MODULES = YES;
				CLANG_ENABLE_OBJC_ARC = YES;
				CLANG_WARN_BOOL_CONVERSION = YES;
				CLANG_WARN_CONSTANT_CONVERSION = YES;
				CLANG_WARN_DIRECT_OBJC_ISA_USAGE = YES_ERROR;
				CLANG_WARN_DOCUMENTATION_COMMENTS = YES;
				CLANG_WARN_EMPTY_BODY = YES;
				CLANG_WARN_ENUM_CONVERSION = YES;
				CLANG_WARN_INFINITE_RECURSION = YES;
				CLANG_WARN_INT_CONVERSION = YES;
				CLANG_WARN_OBJC_ROOT_CLASS = YES_ERROR;
				CLANG_WARN_SUSPICIOUS_MOVE = YES;
				CLANG_WARN_UNREACHABLE_CODE = YES;
				CLANG_WARN__DUPLICATE_METHOD_MATCH = YES;
				CODE_SIGN_IDENTITY = "-";
				COPY_PHASE_STRIP = NO;
				DEBUG_INFORMATION_FORMAT = "dwarf-with-dsym";
				ENABLE_NS_ASSERTIONS = NO;
				ENABLE_STRICT_OBJC_MSGSEND = YES;
				GCC_C_LANGUAGE_STANDARD = gnu99;
				GCC_NO_COMMON_BLOCKS = YES;
				GCC_WARN_64_TO_32_BIT_CONVERSION = YES;
				GCC_WARN_ABOUT_RETURN_TYPE = YES_ERROR;
				GCC_WARN_UNDECLARED_SELECTOR = YES;
				GCC_WARN_UNINITIALIZED_AUTOS = YES_AGGRESSIVE;
				GCC_WARN_UNUSED_FUNCTION = YES;
				GCC_WARN_UNUSED_VARIABLE = YES;
				MACOSX_DEPLOYMENT_TARGET = 10.12;
				MTL_ENABLE_DEBUG_INFO = NO;
				SDKROOT = macosx;
			};
			name = Release;
		};
		822928BC1EC90EF1006279E2 /* Debug */ = {
			isa = XCBuildConfiguration;
			buildSettings = {
				DEVELOPMENT_TEAM = Z26D67C784;
				PRODUCT_NAME = "$(TARGET_NAME)";
			};
			name = Debug;
		};
		822928BD1EC90EF1006279E2 /* Release */ = {
			isa = XCBuildConfiguration;
			buildSettings = {
				DEVELOPMENT_TEAM = Z26D67C784;
				PRODUCT_NAME = "$(TARGET_NAME)";
			};
			name = Release;
		};
/* End XCBuildConfiguration section */

/* Begin XCConfigurationList section */
		822928AF1EC90EF1006279E2 /* Build configuration list for PBXProject "lab9_Factorial" */ = {
			isa = XCConfigurationList;
			buildConfigurations = (
				822928B91EC90EF1006279E2 /* Debug */,
				822928BA1EC90EF1006279E2 /* Release */,
			);
			defaultConfigurationIsVisible = 0;
			defaultConfigurationName = Release;
		};
		822928BB1EC90EF1006279E2 /* Build configuration list for PBXNativeTarget "lab9_Factorial" */ = {
			isa = XCConfigurationList;
			buildConfigurations = (
				822928BC1EC90EF1006279E2 /* Debug */,
				822928BD1EC90EF1006279E2 /* Release */,
			);
			defaultConfigurationIsVisible = 0;
			defaultConfigurationName = Release;
		};
/* End XCConfigurationList section */
	};
	rootObject = 822928AC1EC90EF1006279E2 /* Project object */;
}
